
Microsoft Visual Studio Solution File, Format Version 12.00
# Visual Studio Version 16
VisualStudioVersion = 16.0.31515.178
MinimumVisualStudioVersion = 10.0.40219.1
Project("{FAE04EC0-301F-11D3-BF4B-00C04F79EFBC}") = "SimpleCalculator", "SimpleCalculator\SimpleCalculator.csproj", "{5FF66659-FF2D-4E98-AD70-30DF6578716B}"
EndProject
Project("{FAE04EC0-301F-11D3-BF4B-00C04F79EFBC}") = "SimpleCalculator.Test.Unit", "SimpleCalculator.Test.Unit\SimpleCalculator.Test.Unit.csproj", "{B947C122-A599-4009-B40A-E0C87D2B659F}"
EndProject
Global
	GlobalSection(SolutionConfigurationPlatforms) = preSolution
		Debug|Any CPU = Debug|Any CPU
		Release|Any CPU = Release|Any CPU
	EndGlobalSection
	GlobalSection(ProjectConfigurationPlatforms) = postSolution
		{5FF66659-FF2D-4E98-AD70-30DF6578716B}.Debug|Any CPU.ActiveCfg = Debug|Any CPU
		{5FF66659-FF2D-4E98-AD70-30DF6578716B}.Debug|Any CPU.Build.0 = Debug|Any CPU
		{5FF66659-FF2D-4E98-AD70-30DF6578716B}.Release|Any CPU.ActiveCfg = Release|Any CPU
		{5FF66659-FF2D-4E98-AD70-30DF6578716B}.Release|Any CPU.Build.0 = Release|Any CPU
		{B947C122-A599-4009-B40A-E0C87D2B659F}.Debug|Any CPU.ActiveCfg = Debug|Any CPU
		{B947C122-A599-4009-B40A-E0C87D2B659F}.Debug|Any CPU.Build.0 = Debug|Any CPU
		{B947C122-A599-4009-B40A-E0C87D2B659F}.Release|Any CPU.ActiveCfg = Release|Any CPU
		{B947C122-A599-4009-B40A-E0C87D2B659F}.Release|Any CPU.Build.0 = Release|Any CPU
	EndGlobalSection
	GlobalSection(SolutionProperties) = preSolution
		HideSolutionNode = FALSE
	EndGlobalSection
	GlobalSection(ExtensibilityGlobals) = postSolution
		SolutionGuid = {2ED5F830-9753-458B-88C2-684418910368}
	EndGlobalSection
EndGlobal
